
Microsoft Visual Studio Solution File, Format Version 12.00
# Visual Studio 2012
Project("{FAE04EC0-301F-11D3-BF4B-00C04F79EFBC}") = "RyanKenward.Parking", "RyanKenward.Parking\RyanKenward.Parking.csproj", "{EC308065-B2EB-43B9-A4CF-6FAA037A4099}"
EndProject
Project("{FAE04EC0-301F-11D3-BF4B-00C04F79EFBC}") = "RyanKenward.Parking.Tests", "RyanKenward.Parking.Tests\RyanKenward.Parking.Tests.csproj", "{7E5C624E-D83C-4C4B-B092-5A53A600954D}"
EndProject
Global
	GlobalSection(SolutionConfigurationPlatforms) = preSolution
		Debug|Any CPU = Debug|Any CPU
		Release|Any CPU = Release|Any CPU
	EndGlobalSection
	GlobalSection(ProjectConfigurationPlatforms) = postSolution
		{EC308065-B2EB-43B9-A4CF-6FAA037A4099}.Debug|Any CPU.ActiveCfg = Debug|Any CPU
		{EC308065-B2EB-43B9-A4CF-6FAA037A4099}.Debug|Any CPU.Build.0 = Debug|Any CPU
		{EC308065-B2EB-43B9-A4CF-6FAA037A4099}.Release|Any CPU.ActiveCfg = Release|Any CPU
		{EC308065-B2EB-43B9-A4CF-6FAA037A4099}.Release|Any CPU.Build.0 = Release|Any CPU
		{7E5C624E-D83C-4C4B-B092-5A53A600954D}.Debug|Any CPU.ActiveCfg = Debug|Any CPU
		{7E5C624E-D83C-4C4B-B092-5A53A600954D}.Debug|Any CPU.Build.0 = Debug|Any CPU
		{7E5C624E-D83C-4C4B-B092-5A53A600954D}.Release|Any CPU.ActiveCfg = Release|Any CPU
		{7E5C624E-D83C-4C4B-B092-5A53A600954D}.Release|Any CPU.Build.0 = Release|Any CPU
	EndGlobalSection
EndGlobal
